
Microsoft Visual Studio Solution File, Format Version 12.00
# Visual Studio Version 16
VisualStudioVersion = 16.0.29519.87
MinimumVisualStudioVersion = 10.0.40219.1
Project("{9A19103F-16F7-4668-BE54-9A1E7A4F7556}") = "BackendEngineer", ".\backend-engineer-test-master\BackendEngineer.csproj", "{33D28153-AB67-4910-AFFC-88D435A96D42}"
EndProject
Project("{FAE04EC0-301F-11D3-BF4B-00C04F79EFBC}") = "BackendEngineer.Domain", ".\BackendEngineer.Domain\BackendEngineer.Domain.csproj", "{F227716D-066A-46C0-9E0D-D02BBEC37D15}"
EndProject
Global
	GlobalSection(SolutionConfigurationPlatforms) = preSolution
		Debug|Any CPU = Debug|Any CPU
		Release|Any CPU = Release|Any CPU
	EndGlobalSection
	GlobalSection(ProjectConfigurationPlatforms) = postSolution
		{33D28153-AB67-4910-AFFC-88D435A96D42}.Debug|Any CPU.ActiveCfg = Debug|Any CPU
		{33D28153-AB67-4910-AFFC-88D435A96D42}.Debug|Any CPU.Build.0 = Debug|Any CPU
		{33D28153-AB67-4910-AFFC-88D435A96D42}.Release|Any CPU.ActiveCfg = Release|Any CPU
		{33D28153-AB67-4910-AFFC-88D435A96D42}.Release|Any CPU.Build.0 = Release|Any CPU
		{F227716D-066A-46C0-9E0D-D02BBEC37D15}.Debug|Any CPU.ActiveCfg = Debug|Any CPU
		{F227716D-066A-46C0-9E0D-D02BBEC37D15}.Debug|Any CPU.Build.0 = Debug|Any CPU
		{F227716D-066A-46C0-9E0D-D02BBEC37D15}.Release|Any CPU.ActiveCfg = Release|Any CPU
		{F227716D-066A-46C0-9E0D-D02BBEC37D15}.Release|Any CPU.Build.0 = Release|Any CPU
	EndGlobalSection
	GlobalSection(SolutionProperties) = preSolution
		HideSolutionNode = FALSE
	EndGlobalSection
	GlobalSection(ExtensibilityGlobals) = postSolution
		SolutionGuid = {BFE977F9-856C-4585-91CE-79A275AC00BC}
	EndGlobalSection
EndGlobal
